
Microsoft Visual Studio Solution File, Format Version 12.00
# Visual Studio Version 17
VisualStudioVersion = 17.3.32929.385
MinimumVisualStudioVersion = 10.0.40219.1
Project("{FAE04EC0-301F-11D3-BF4B-00C04F79EFBC}") = "Hasaki", "Hasaki\Hasaki.csproj", "{7A2DE6EE-9250-47C8-B632-1FF21E21097C}"
EndProject
Global
	GlobalSection(SolutionConfigurationPlatforms) = preSolution
		Debug|Any CPU = Debug|Any CPU
		Release|Any CPU = Release|Any CPU
	EndGlobalSection
	GlobalSection(ProjectConfigurationPlatforms) = postSolution
		{7A2DE6EE-9250-47C8-B632-1FF21E21097C}.Debug|Any CPU.ActiveCfg = Debug|Any CPU
		{7A2DE6EE-9250-47C8-B632-1FF21E21097C}.Debug|Any CPU.Build.0 = Debug|Any CPU
		{7A2DE6EE-9250-47C8-B632-1FF21E21097C}.Release|Any CPU.ActiveCfg = Release|Any CPU
		{7A2DE6EE-9250-47C8-B632-1FF21E21097C}.Release|Any CPU.Build.0 = Release|Any CPU
	EndGlobalSection
	GlobalSection(SolutionProperties) = preSolution
		HideSolutionNode = FALSE
	EndGlobalSection
	GlobalSection(ExtensibilityGlobals) = postSolution
		SolutionGuid = {756733F6-CE04-4BBF-8920-BA3E59793D9E}
	EndGlobalSection
EndGlobal
